
Microsoft Visual Studio Solution File, Format Version 12.00
# Visual Studio 15
VisualStudioVersion = 15.0.27130.2027
MinimumVisualStudioVersion = 10.0.40219.1
Project("{2150E333-8FDC-42A3-9474-1A3956D46DE8}") = "Engine", "Engine", "{C1D289A2-2DA1-4DDA-A761-BDD76234AC85}"
EndProject
Project("{2150E333-8FDC-42A3-9474-1A3956D46DE8}") = "Games", "Games", "{EB5E1FCC-0F85-4EDB-A7E0-744E006445A3}"
EndProject
Project("{8BC9CEB8-8B4A-11D0-8D11-00A0C91BC942}") = "UE4", "Intermediate\ProjectFiles\UE4.vcxproj", "{D5A80291-7C5C-4553-8BAA-802BB89544F2}"
EndProject
Project("{8BC9CEB8-8B4A-11D0-8D11-00A0C91BC942}") = "ProgrammingTest", "Intermediate\ProjectFiles\ProgrammingTest.vcxproj", "{3C80AA1D-D3D4-4A20-B80A-D3CAB1D65FFB}"
EndProject
Global
	GlobalSection(SolutionConfigurationPlatforms) = preSolution
		DebugGame Editor|HTML5 = DebugGame Editor|HTML5
		DebugGame Editor|Win32 = DebugGame Editor|Win32
		DebugGame Editor|Win64 = DebugGame Editor|Win64
		DebugGame|HTML5 = DebugGame|HTML5
		DebugGame|Win32 = DebugGame|Win32
		DebugGame|Win64 = DebugGame|Win64
		Development Editor|HTML5 = Development Editor|HTML5
		Development Editor|Win32 = Development Editor|Win32
		Development Editor|Win64 = Development Editor|Win64
		Development|HTML5 = Development|HTML5
		Development|Win32 = Development|Win32
		Development|Win64 = Development|Win64
		Shipping|HTML5 = Shipping|HTML5
		Shipping|Win32 = Shipping|Win32
		Shipping|Win64 = Shipping|Win64
	EndGlobalSection
	GlobalSection(ProjectConfigurationPlatforms) = postSolution
		{D5A80291-7C5C-4553-8BAA-802BB89544F2}.DebugGame Editor|HTML5.ActiveCfg = BuiltWithUnrealBuildTool|Win32
		{D5A80291-7C5C-4553-8BAA-802BB89544F2}.DebugGame Editor|HTML5.Build.0 = BuiltWithUnrealBuildTool|Win32
		{D5A80291-7C5C-4553-8BAA-802BB89544F2}.DebugGame Editor|Win32.ActiveCfg = BuiltWithUnrealBuildTool|Win32
		{D5A80291-7C5C-4553-8BAA-802BB89544F2}.DebugGame Editor|Win32.Build.0 = BuiltWithUnrealBuildTool|Win32
		{D5A80291-7C5C-4553-8BAA-802BB89544F2}.DebugGame Editor|Win64.ActiveCfg = BuiltWithUnrealBuildTool|Win32
		{D5A80291-7C5C-4553-8BAA-802BB89544F2}.DebugGame Editor|Win64.Build.0 = BuiltWithUnrealBuildTool|Win32
		{D5A80291-7C5C-4553-8BAA-802BB89544F2}.DebugGame|HTML5.ActiveCfg = BuiltWithUnrealBuildTool|Win32
		{D5A80291-7C5C-4553-8BAA-802BB89544F2}.DebugGame|HTML5.Build.0 = BuiltWithUnrealBuildTool|Win32
		{D5A80291-7C5C-4553-8BAA-802BB89544F2}.DebugGame|Win32.ActiveCfg = BuiltWithUnrealBuildTool|Win32
		{D5A80291-7C5C-4553-8BAA-802BB89544F2}.DebugGame|Win32.Build.0 = BuiltWithUnrealBuildTool|Win32
		{D5A80291-7C5C-4553-8BAA-802BB89544F2}.DebugGame|Win64.ActiveCfg = BuiltWithUnrealBuildTool|Win32
		{D5A80291-7C5C-4553-8BAA-802BB89544F2}.DebugGame|Win64.Build.0 = BuiltWithUnrealBuildTool|Win32
		{D5A80291-7C5C-4553-8BAA-802BB89544F2}.Development Editor|HTML5.ActiveCfg = BuiltWithUnrealBuildTool|Win32
		{D5A80291-7C5C-4553-8BAA-802BB89544F2}.Development Editor|HTML5.Build.0 = BuiltWithUnrealBuildTool|Win32
		{D5A80291-7C5C-4553-8BAA-802BB89544F2}.Development Editor|Win32.ActiveCfg = BuiltWithUnrealBuildTool|Win32
		{D5A80291-7C5C-4553-8BAA-802BB89544F2}.Development Editor|Win32.Build.0 = BuiltWithUnrealBuildTool|Win32
		{D5A80291-7C5C-4553-8BAA-802BB89544F2}.Development Editor|Win64.ActiveCfg = BuiltWithUnrealBuildTool|Win32
		{D5A80291-7C5C-4553-8BAA-802BB89544F2}.Development Editor|Win64.Build.0 = BuiltWithUnrealBuildTool|Win32
		{D5A80291-7C5C-4553-8BAA-802BB89544F2}.Development|HTML5.ActiveCfg = BuiltWithUnrealBuildTool|Win32
		{D5A80291-7C5C-4553-8BAA-802BB89544F2}.Development|HTML5.Build.0 = BuiltWithUnrealBuildTool|Win32
		{D5A80291-7C5C-4553-8BAA-802BB89544F2}.Development|Win32.ActiveCfg = BuiltWithUnrealBuildTool|Win32
		{D5A80291-7C5C-4553-8BAA-802BB89544F2}.Development|Win32.Build.0 = BuiltWithUnrealBuildTool|Win32
		{D5A80291-7C5C-4553-8BAA-802BB89544F2}.Development|Win64.ActiveCfg = BuiltWithUnrealBuildTool|Win32
		{D5A80291-7C5C-4553-8BAA-802BB89544F2}.Development|Win64.Build.0 = BuiltWithUnrealBuildTool|Win32
		{D5A80291-7C5C-4553-8BAA-802BB89544F2}.Shipping|HTML5.ActiveCfg = BuiltWithUnrealBuildTool|Win32
		{D5A80291-7C5C-4553-8BAA-802BB89544F2}.Shipping|HTML5.Build.0 = BuiltWithUnrealBuildTool|Win32
		{D5A80291-7C5C-4553-8BAA-802BB89544F2}.Shipping|Win32.ActiveCfg = BuiltWithUnrealBuildTool|Win32
		{D5A80291-7C5C-4553-8BAA-802BB89544F2}.Shipping|Win32.Build.0 = BuiltWithUnrealBuildTool|Win32
		{D5A80291-7C5C-4553-8BAA-802BB89544F2}.Shipping|Win64.ActiveCfg = BuiltWithUnrealBuildTool|Win32
		{D5A80291-7C5C-4553-8BAA-802BB89544F2}.Shipping|Win64.Build.0 = BuiltWithUnrealBuildTool|Win32
		{3C80AA1D-D3D4-4A20-B80A-D3CAB1D65FFB}.DebugGame Editor|HTML5.ActiveCfg = HTML5_DebugGame_Editor|Win32
		{3C80AA1D-D3D4-4A20-B80A-D3CAB1D65FFB}.DebugGame Editor|Win32.ActiveCfg = DebugGame_Editor|Win32
		{3C80AA1D-D3D4-4A20-B80A-D3CAB1D65FFB}.DebugGame Editor|Win64.ActiveCfg = DebugGame_Editor|x64
		{3C80AA1D-D3D4-4A20-B80A-D3CAB1D65FFB}.DebugGame Editor|Win64.Build.0 = DebugGame_Editor|x64
		{3C80AA1D-D3D4-4A20-B80A-D3CAB1D65FFB}.DebugGame|HTML5.ActiveCfg = HTML5_DebugGame_Game|Win32
		{3C80AA1D-D3D4-4A20-B80A-D3CAB1D65FFB}.DebugGame|HTML5.Build.0 = HTML5_DebugGame_Game|Win32
		{3C80AA1D-D3D4-4A20-B80A-D3CAB1D65FFB}.DebugGame|Win32.ActiveCfg = DebugGame_Game|Win32
		{3C80AA1D-D3D4-4A20-B80A-D3CAB1D65FFB}.DebugGame|Win32.Build.0 = DebugGame_Game|Win32
		{3C80AA1D-D3D4-4A20-B80A-D3CAB1D65FFB}.DebugGame|Win64.ActiveCfg = DebugGame_Game|x64
		{3C80AA1D-D3D4-4A20-B80A-D3CAB1D65FFB}.DebugGame|Win64.Build.0 = DebugGame_Game|x64
		{3C80AA1D-D3D4-4A20-B80A-D3CAB1D65FFB}.Development Editor|HTML5.ActiveCfg = HTML5_Development_Editor|Win32
		{3C80AA1D-D3D4-4A20-B80A-D3CAB1D65FFB}.Development Editor|Win32.ActiveCfg = Development_Editor|Win32
		{3C80AA1D-D3D4-4A20-B80A-D3CAB1D65FFB}.Development Editor|Win64.ActiveCfg = Development_Editor|x64
		{3C80AA1D-D3D4-4A20-B80A-D3CAB1D65FFB}.Development Editor|Win64.Build.0 = Development_Editor|x64
		{3C80AA1D-D3D4-4A20-B80A-D3CAB1D65FFB}.Development|HTML5.ActiveCfg = HTML5_Development_Game|Win32
		{3C80AA1D-D3D4-4A20-B80A-D3CAB1D65FFB}.Development|HTML5.Build.0 = HTML5_Development_Game|Win32
		{3C80AA1D-D3D4-4A20-B80A-D3CAB1D65FFB}.Development|Win32.ActiveCfg = Development_Game|Win32
		{3C80AA1D-D3D4-4A20-B80A-D3CAB1D65FFB}.Development|Win32.Build.0 = Development_Game|Win32
		{3C80AA1D-D3D4-4A20-B80A-D3CAB1D65FFB}.Development|Win64.ActiveCfg = Development_Game|x64
		{3C80AA1D-D3D4-4A20-B80A-D3CAB1D65FFB}.Development|Win64.Build.0 = Development_Game|x64
		{3C80AA1D-D3D4-4A20-B80A-D3CAB1D65FFB}.Shipping|HTML5.ActiveCfg = HTML5_Shipping_Game|Win32
		{3C80AA1D-D3D4-4A20-B80A-D3CAB1D65FFB}.Shipping|HTML5.Build.0 = HTML5_Shipping_Game|Win32
		{3C80AA1D-D3D4-4A20-B80A-D3CAB1D65FFB}.Shipping|Win32.ActiveCfg = Shipping_Game|Win32
		{3C80AA1D-D3D4-4A20-B80A-D3CAB1D65FFB}.Shipping|Win32.Build.0 = Shipping_Game|Win32
		{3C80AA1D-D3D4-4A20-B80A-D3CAB1D65FFB}.Shipping|Win64.ActiveCfg = Shipping_Game|x64
		{3C80AA1D-D3D4-4A20-B80A-D3CAB1D65FFB}.Shipping|Win64.Build.0 = Shipping_Game|x64
	EndGlobalSection
	GlobalSection(SolutionProperties) = preSolution
		HideSolutionNode = FALSE
	EndGlobalSection
	GlobalSection(NestedProjects) = preSolution
		{D5A80291-7C5C-4553-8BAA-802BB89544F2} = {C1D289A2-2DA1-4DDA-A761-BDD76234AC85}
		{3C80AA1D-D3D4-4A20-B80A-D3CAB1D65FFB} = {EB5E1FCC-0F85-4EDB-A7E0-744E006445A3}
	EndGlobalSection
	GlobalSection(ExtensibilityGlobals) = postSolution
		SolutionGuid = {293D2645-8609-4272-AF53-EB7329A890BC}
	EndGlobalSection
EndGlobal
